
Microsoft Visual Studio Solution File, Format Version 12.00
# Visual Studio Version 17
VisualStudioVersion = 17.13.35931.197
MinimumVisualStudioVersion = 10.0.40219.1
Project("{FAE04EC0-301F-11D3-BF4B-00C04F79EFBC}") = "Shared", "Shared\Shared.csproj", "{E54CDF69-6406-4416-91C6-77B77B05075C}"
EndProject
Project("{FAE04EC0-301F-11D3-BF4B-00C04F79EFBC}") = "Basic", "Basic\Basic.csproj", "{DBF1DCD8-8FF3-4804-8806-41B91BEEBDFB}"
EndProject
Project("{FAE04EC0-301F-11D3-BF4B-00C04F79EFBC}") = "Counters", "Counters\Counters.csproj", "{96E3BEFD-64B0-424B-AF61-8F00C7D0A87F}"
EndProject
Project("{FAE04EC0-301F-11D3-BF4B-00C04F79EFBC}") = "Watch", "Watch\Watch.csproj", "{2F629CC7-CF3A-467F-B7C4-2DFB90E7A740}"
EndProject
Project("{FAE04EC0-301F-11D3-BF4B-00C04F79EFBC}") = "Lease", "Lease\Lease.csproj", "{5321E45F-6EB6-4810-A262-5899AF61BB55}"
EndProject
Project("{FAE04EC0-301F-11D3-BF4B-00C04F79EFBC}") = "CAS", "CAS\CAS.csproj", "{7129EE4D-C75B-4B83-ADFF-C520F8988D78}"
EndProject
Project("{FAE04EC0-301F-11D3-BF4B-00C04F79EFBC}") = "Bulk", "Bulk\Bulk.csproj", "{AE3B1523-70CD-4990-80E3-5572F96DAACF}"
EndProject
Project("{FAE04EC0-301F-11D3-BF4B-00C04F79EFBC}") = "LeaderElection", "LeaderElection\LeaderElection.csproj", "{9C8B6AB3-8196-4030-B6B2-C24FCC7A9896}"
EndProject
Project("{FAE04EC0-301F-11D3-BF4B-00C04F79EFBC}") = "Search", "Search\Search.csproj", "{238DAB3E-0F53-4EF4-944E-5F516DFE0E4A}"
EndProject
Project("{FAE04EC0-301F-11D3-BF4B-00C04F79EFBC}") = "RateLimiter", "RateLimiter\RateLimiter.csproj", "{6BD8B733-B881-404E-A440-037CDF8AAF94}"
EndProject
Project("{FAE04EC0-301F-11D3-BF4B-00C04F79EFBC}") = "DistributedJobQueue", "DistributedJobQueue\DistributedJobQueue.csproj", "{1AE767A0-6057-4AD5-BF6F-44F6A9628C01}"
EndProject
Project("{FAE04EC0-301F-11D3-BF4B-00C04F79EFBC}") = "Transactions", "Transactions\Transactions.csproj", "{39F44A45-8E34-497C-A378-DDC2D9667898}"
EndProject
Project("{FAE04EC0-301F-11D3-BF4B-00C04F79EFBC}") = "IDistributedCache", "IDistributedCache\IDistributedCache.csproj", "{5C3819A8-EE8D-407B-B18D-3AA572E9CDF1}"
EndProject
Project("{FAE04EC0-301F-11D3-BF4B-00C04F79EFBC}") = "HybridCache", "HybridCache\HybridCache.csproj", "{2D1E0EE5-79BD-4D9A-8781-DAC1C3A6236D}"
EndProject
Global
	GlobalSection(SolutionConfigurationPlatforms) = preSolution
		Debug|Any CPU = Debug|Any CPU
		Release|Any CPU = Release|Any CPU
	EndGlobalSection
	GlobalSection(ProjectConfigurationPlatforms) = postSolution
		{E54CDF69-6406-4416-91C6-77B77B05075C}.Debug|Any CPU.ActiveCfg = Debug|Any CPU
		{E54CDF69-6406-4416-91C6-77B77B05075C}.Debug|Any CPU.Build.0 = Debug|Any CPU
		{E54CDF69-6406-4416-91C6-77B77B05075C}.Release|Any CPU.ActiveCfg = Release|Any CPU
		{E54CDF69-6406-4416-91C6-77B77B05075C}.Release|Any CPU.Build.0 = Release|Any CPU
		{DBF1DCD8-8FF3-4804-8806-41B91BEEBDFB}.Debug|Any CPU.ActiveCfg = Debug|Any CPU
		{DBF1DCD8-8FF3-4804-8806-41B91BEEBDFB}.Debug|Any CPU.Build.0 = Debug|Any CPU
		{DBF1DCD8-8FF3-4804-8806-41B91BEEBDFB}.Release|Any CPU.ActiveCfg = Release|Any CPU
		{DBF1DCD8-8FF3-4804-8806-41B91BEEBDFB}.Release|Any CPU.Build.0 = Release|Any CPU
		{96E3BEFD-64B0-424B-AF61-8F00C7D0A87F}.Debug|Any CPU.ActiveCfg = Debug|Any CPU
		{96E3BEFD-64B0-424B-AF61-8F00C7D0A87F}.Debug|Any CPU.Build.0 = Debug|Any CPU
		{96E3BEFD-64B0-424B-AF61-8F00C7D0A87F}.Release|Any CPU.ActiveCfg = Release|Any CPU
		{96E3BEFD-64B0-424B-AF61-8F00C7D0A87F}.Release|Any CPU.Build.0 = Release|Any CPU
		{2F629CC7-CF3A-467F-B7C4-2DFB90E7A740}.Debug|Any CPU.ActiveCfg = Debug|Any CPU
		{2F629CC7-CF3A-467F-B7C4-2DFB90E7A740}.Debug|Any CPU.Build.0 = Debug|Any CPU
		{2F629CC7-CF3A-467F-B7C4-2DFB90E7A740}.Release|Any CPU.ActiveCfg = Release|Any CPU
		{2F629CC7-CF3A-467F-B7C4-2DFB90E7A740}.Release|Any CPU.Build.0 = Release|Any CPU
		{5321E45F-6EB6-4810-A262-5899AF61BB55}.Debug|Any CPU.ActiveCfg = Debug|Any CPU
		{5321E45F-6EB6-4810-A262-5899AF61BB55}.Debug|Any CPU.Build.0 = Debug|Any CPU
		{5321E45F-6EB6-4810-A262-5899AF61BB55}.Release|Any CPU.ActiveCfg = Release|Any CPU
		{5321E45F-6EB6-4810-A262-5899AF61BB55}.Release|Any CPU.Build.0 = Release|Any CPU
		{7129EE4D-C75B-4B83-ADFF-C520F8988D78}.Debug|Any CPU.ActiveCfg = Debug|Any CPU
		{7129EE4D-C75B-4B83-ADFF-C520F8988D78}.Debug|Any CPU.Build.0 = Debug|Any CPU
		{7129EE4D-C75B-4B83-ADFF-C520F8988D78}.Release|Any CPU.ActiveCfg = Release|Any CPU
		{7129EE4D-C75B-4B83-ADFF-C520F8988D78}.Release|Any CPU.Build.0 = Release|Any CPU
		{AE3B1523-70CD-4990-80E3-5572F96DAACF}.Debug|Any CPU.ActiveCfg = Debug|Any CPU
		{AE3B1523-70CD-4990-80E3-5572F96DAACF}.Debug|Any CPU.Build.0 = Debug|Any CPU
		{AE3B1523-70CD-4990-80E3-5572F96DAACF}.Release|Any CPU.ActiveCfg = Release|Any CPU
		{AE3B1523-70CD-4990-80E3-5572F96DAACF}.Release|Any CPU.Build.0 = Release|Any CPU
		{9C8B6AB3-8196-4030-B6B2-C24FCC7A9896}.Debug|Any CPU.ActiveCfg = Debug|Any CPU
		{9C8B6AB3-8196-4030-B6B2-C24FCC7A9896}.Debug|Any CPU.Build.0 = Debug|Any CPU
		{9C8B6AB3-8196-4030-B6B2-C24FCC7A9896}.Release|Any CPU.ActiveCfg = Release|Any CPU
		{9C8B6AB3-8196-4030-B6B2-C24FCC7A9896}.Release|Any CPU.Build.0 = Release|Any CPU
		{238DAB3E-0F53-4EF4-944E-5F516DFE0E4A}.Debug|Any CPU.ActiveCfg = Debug|Any CPU
		{238DAB3E-0F53-4EF4-944E-5F516DFE0E4A}.Debug|Any CPU.Build.0 = Debug|Any CPU
		{238DAB3E-0F53-4EF4-944E-5F516DFE0E4A}.Release|Any CPU.ActiveCfg = Release|Any CPU
		{238DAB3E-0F53-4EF4-944E-5F516DFE0E4A}.Release|Any CPU.Build.0 = Release|Any CPU
		{6BD8B733-B881-404E-A440-037CDF8AAF94}.Debug|Any CPU.ActiveCfg = Debug|Any CPU
		{6BD8B733-B881-404E-A440-037CDF8AAF94}.Debug|Any CPU.Build.0 = Debug|Any CPU
		{6BD8B733-B881-404E-A440-037CDF8AAF94}.Release|Any CPU.ActiveCfg = Release|Any CPU
		{6BD8B733-B881-404E-A440-037CDF8AAF94}.Release|Any CPU.Build.0 = Release|Any CPU
		{1AE767A0-6057-4AD5-BF6F-44F6A9628C01}.Debug|Any CPU.ActiveCfg = Debug|Any CPU
		{1AE767A0-6057-4AD5-BF6F-44F6A9628C01}.Debug|Any CPU.Build.0 = Debug|Any CPU
		{1AE767A0-6057-4AD5-BF6F-44F6A9628C01}.Release|Any CPU.ActiveCfg = Release|Any CPU
		{1AE767A0-6057-4AD5-BF6F-44F6A9628C01}.Release|Any CPU.Build.0 = Release|Any CPU
		{39F44A45-8E34-497C-A378-DDC2D9667898}.Debug|Any CPU.ActiveCfg = Debug|Any CPU
		{39F44A45-8E34-497C-A378-DDC2D9667898}.Debug|Any CPU.Build.0 = Debug|Any CPU
		{39F44A45-8E34-497C-A378-DDC2D9667898}.Release|Any CPU.ActiveCfg = Release|Any CPU
		{39F44A45-8E34-497C-A378-DDC2D9667898}.Release|Any CPU.Build.0 = Release|Any CPU
		{5C3819A8-EE8D-407B-B18D-3AA572E9CDF1}.Debug|Any CPU.ActiveCfg = Debug|Any CPU
		{5C3819A8-EE8D-407B-B18D-3AA572E9CDF1}.Debug|Any CPU.Build.0 = Debug|Any CPU
		{5C3819A8-EE8D-407B-B18D-3AA572E9CDF1}.Release|Any CPU.ActiveCfg = Release|Any CPU
		{5C3819A8-EE8D-407B-B18D-3AA572E9CDF1}.Release|Any CPU.Build.0 = Release|Any CPU
		{2D1E0EE5-79BD-4D9A-8781-DAC1C3A6236D}.Debug|Any CPU.ActiveCfg = Debug|Any CPU
		{2D1E0EE5-79BD-4D9A-8781-DAC1C3A6236D}.Debug|Any CPU.Build.0 = Debug|Any CPU
		{2D1E0EE5-79BD-4D9A-8781-DAC1C3A6236D}.Release|Any CPU.ActiveCfg = Release|Any CPU
		{2D1E0EE5-79BD-4D9A-8781-DAC1C3A6236D}.Release|Any CPU.Build.0 = Release|Any CPU
	EndGlobalSection
	GlobalSection(SolutionProperties) = preSolution
		HideSolutionNode = FALSE
	EndGlobalSection
	GlobalSection(ExtensibilityGlobals) = postSolution
		SolutionGuid = {38FE643D-51AE-4DC5-AC71-A9D361F538CC}
	EndGlobalSection
EndGlobal
